
Microsoft Visual Studio Solution File, Format Version 12.00
# Visual Studio Version 17
VisualStudioVersion = 17.7.34221.43
MinimumVisualStudioVersion = 10.0.40219.1
Project("{FAE04EC0-301F-11D3-BF4B-00C04F79EFBC}") = "Question1", "Question1\Question1.csproj", "{2CEFF8AB-45EC-4BCC-BDA1-4AF83F7BEE7A}"
EndProject
Project("{FAE04EC0-301F-11D3-BF4B-00C04F79EFBC}") = "LibrariesStage01", "LibrariesStage01\LibrariesStage01.csproj", "{0CAE31BA-EF8F-4849-B73C-1788AE0AF4A5}"
EndProject
Project("{FAE04EC0-301F-11D3-BF4B-00C04F79EFBC}") = "Question02", "Question02\Question02.csproj", "{4F33BBAC-4980-4590-BD52-6BC0372C7E59}"
EndProject
Project("{FAE04EC0-301F-11D3-BF4B-00C04F79EFBC}") = "Question03", "Question03\Question03.csproj", "{BEC088F2-3461-4986-A6B1-ACF9E20A721D}"
EndProject
Project("{FAE04EC0-301F-11D3-BF4B-00C04F79EFBC}") = "Question04", "Question04\Question04.csproj", "{D3CE3883-C2EC-4230-84B3-B57DCE17E840}"
EndProject
Global
	GlobalSection(SolutionConfigurationPlatforms) = preSolution
		Debug|Any CPU = Debug|Any CPU
		Release|Any CPU = Release|Any CPU
	EndGlobalSection
	GlobalSection(ProjectConfigurationPlatforms) = postSolution
		{2CEFF8AB-45EC-4BCC-BDA1-4AF83F7BEE7A}.Debug|Any CPU.ActiveCfg = Debug|Any CPU
		{2CEFF8AB-45EC-4BCC-BDA1-4AF83F7BEE7A}.Debug|Any CPU.Build.0 = Debug|Any CPU
		{2CEFF8AB-45EC-4BCC-BDA1-4AF83F7BEE7A}.Release|Any CPU.ActiveCfg = Release|Any CPU
		{2CEFF8AB-45EC-4BCC-BDA1-4AF83F7BEE7A}.Release|Any CPU.Build.0 = Release|Any CPU
		{0CAE31BA-EF8F-4849-B73C-1788AE0AF4A5}.Debug|Any CPU.ActiveCfg = Debug|Any CPU
		{0CAE31BA-EF8F-4849-B73C-1788AE0AF4A5}.Debug|Any CPU.Build.0 = Debug|Any CPU
		{0CAE31BA-EF8F-4849-B73C-1788AE0AF4A5}.Release|Any CPU.ActiveCfg = Release|Any CPU
		{0CAE31BA-EF8F-4849-B73C-1788AE0AF4A5}.Release|Any CPU.Build.0 = Release|Any CPU
		{4F33BBAC-4980-4590-BD52-6BC0372C7E59}.Debug|Any CPU.ActiveCfg = Debug|Any CPU
		{4F33BBAC-4980-4590-BD52-6BC0372C7E59}.Debug|Any CPU.Build.0 = Debug|Any CPU
		{4F33BBAC-4980-4590-BD52-6BC0372C7E59}.Release|Any CPU.ActiveCfg = Release|Any CPU
		{4F33BBAC-4980-4590-BD52-6BC0372C7E59}.Release|Any CPU.Build.0 = Release|Any CPU
		{BEC088F2-3461-4986-A6B1-ACF9E20A721D}.Debug|Any CPU.ActiveCfg = Debug|Any CPU
		{BEC088F2-3461-4986-A6B1-ACF9E20A721D}.Debug|Any CPU.Build.0 = Debug|Any CPU
		{BEC088F2-3461-4986-A6B1-ACF9E20A721D}.Release|Any CPU.ActiveCfg = Release|Any CPU
		{BEC088F2-3461-4986-A6B1-ACF9E20A721D}.Release|Any CPU.Build.0 = Release|Any CPU
		{D3CE3883-C2EC-4230-84B3-B57DCE17E840}.Debug|Any CPU.ActiveCfg = Debug|Any CPU
		{D3CE3883-C2EC-4230-84B3-B57DCE17E840}.Debug|Any CPU.Build.0 = Debug|Any CPU
		{D3CE3883-C2EC-4230-84B3-B57DCE17E840}.Release|Any CPU.ActiveCfg = Release|Any CPU
		{D3CE3883-C2EC-4230-84B3-B57DCE17E840}.Release|Any CPU.Build.0 = Release|Any CPU
	EndGlobalSection
	GlobalSection(SolutionProperties) = preSolution
		HideSolutionNode = FALSE
	EndGlobalSection
	GlobalSection(ExtensibilityGlobals) = postSolution
		SolutionGuid = {5AB6A2B5-67E3-49BB-B9D2-BA62DFB684DD}
	EndGlobalSection
EndGlobal
